
Microsoft Visual Studio Solution File, Format Version 12.00
# Visual Studio Version 17
VisualStudioVersion = 17.3.32901.215
MinimumVisualStudioVersion = 10.0.40219.1
Project("{FAE04EC0-301F-11D3-BF4B-00C04F79EFBC}") = "exercise3_20210140085", "exercise3_20210140085\exercise3_20210140085.csproj", "{9DCCE538-C73D-45CD-BEF8-44AA750F660D}"
EndProject
Global
	GlobalSection(SolutionConfigurationPlatforms) = preSolution
		Debug|Any CPU = Debug|Any CPU
		Release|Any CPU = Release|Any CPU
	EndGlobalSection
	GlobalSection(ProjectConfigurationPlatforms) = postSolution
		{9DCCE538-C73D-45CD-BEF8-44AA750F660D}.Debug|Any CPU.ActiveCfg = Debug|Any CPU
		{9DCCE538-C73D-45CD-BEF8-44AA750F660D}.Debug|Any CPU.Build.0 = Debug|Any CPU
		{9DCCE538-C73D-45CD-BEF8-44AA750F660D}.Release|Any CPU.ActiveCfg = Release|Any CPU
		{9DCCE538-C73D-45CD-BEF8-44AA750F660D}.Release|Any CPU.Build.0 = Release|Any CPU
	EndGlobalSection
	GlobalSection(SolutionProperties) = preSolution
		HideSolutionNode = FALSE
	EndGlobalSection
	GlobalSection(ExtensibilityGlobals) = postSolution
		SolutionGuid = {BA64EC3C-9BDF-4AAB-946B-353E4FD4097F}
	EndGlobalSection
EndGlobal
